
Microsoft Visual Studio Solution File, Format Version 12.00
# Visual Studio Version 17
VisualStudioVersion = 17.11.35222.181
MinimumVisualStudioVersion = 10.0.40219.1
Project("{FAE04EC0-301F-11D3-BF4B-00C04F79EFBC}") = "BoardGameNight.UI", "BoardGameNight.UI\BoardGameNight.UI.csproj", "{43A0E553-40F5-4BF7-8800-90461FA91BF9}"
EndProject
Project("{FAE04EC0-301F-11D3-BF4B-00C04F79EFBC}") = "BoardGameNight.Domain", "BoardGameNight.Domain\BoardGameNight.Domain.csproj", "{488A13BC-7429-40C8-8227-5C11CC6C3D5C}"
EndProject
Project("{FAE04EC0-301F-11D3-BF4B-00C04F79EFBC}") = "BoardGameNight.Infrastructure", "BoardGameNight.Infrastructure\BoardGameNight.Infrastructure.csproj", "{AF9B6130-01DB-4155-B4DF-44B8B1CDF224}"
EndProject
Project("{FAE04EC0-301F-11D3-BF4B-00C04F79EFBC}") = "BoardGameNight.DomainServices", "BoardGameNight.DomainServices\BoardGameNight.DomainServices.csproj", "{C293FCC9-F99F-4070-9CFA-4674E0762E4D}"
EndProject
Project("{FAE04EC0-301F-11D3-BF4B-00C04F79EFBC}") = "BoardGameNight.UI.Tests", "BoardGameNight.UI.Tests\BoardGameNight.UI.Tests.csproj", "{3C1E698B-D390-46A8-B591-6A7313086D7B}"
EndProject
Project("{FAE04EC0-301F-11D3-BF4B-00C04F79EFBC}") = "BoardGameNight.WebApi", "BoardGameNight.WebApi\BoardGameNight.WebApi.csproj", "{9CB92E37-DA0A-436D-ABAD-4846E06C196B}"
EndProject
Project("{FAE04EC0-301F-11D3-BF4B-00C04F79EFBC}") = "BoardGameNight.GraphQL", "BoardGameNight.GraphQL\BoardGameNight.GraphQL.csproj", "{683751AA-7A2D-4990-B65D-DD8D2E8734EF}"
EndProject
Global
	GlobalSection(SolutionConfigurationPlatforms) = preSolution
		Debug|Any CPU = Debug|Any CPU
		Release|Any CPU = Release|Any CPU
	EndGlobalSection
	GlobalSection(ProjectConfigurationPlatforms) = postSolution
		{43A0E553-40F5-4BF7-8800-90461FA91BF9}.Debug|Any CPU.ActiveCfg = Debug|Any CPU
		{43A0E553-40F5-4BF7-8800-90461FA91BF9}.Debug|Any CPU.Build.0 = Debug|Any CPU
		{43A0E553-40F5-4BF7-8800-90461FA91BF9}.Release|Any CPU.ActiveCfg = Release|Any CPU
		{43A0E553-40F5-4BF7-8800-90461FA91BF9}.Release|Any CPU.Build.0 = Release|Any CPU
		{488A13BC-7429-40C8-8227-5C11CC6C3D5C}.Debug|Any CPU.ActiveCfg = Debug|Any CPU
		{488A13BC-7429-40C8-8227-5C11CC6C3D5C}.Debug|Any CPU.Build.0 = Debug|Any CPU
		{488A13BC-7429-40C8-8227-5C11CC6C3D5C}.Release|Any CPU.ActiveCfg = Release|Any CPU
		{488A13BC-7429-40C8-8227-5C11CC6C3D5C}.Release|Any CPU.Build.0 = Release|Any CPU
		{AF9B6130-01DB-4155-B4DF-44B8B1CDF224}.Debug|Any CPU.ActiveCfg = Debug|Any CPU
		{AF9B6130-01DB-4155-B4DF-44B8B1CDF224}.Debug|Any CPU.Build.0 = Debug|Any CPU
		{AF9B6130-01DB-4155-B4DF-44B8B1CDF224}.Release|Any CPU.ActiveCfg = Release|Any CPU
		{AF9B6130-01DB-4155-B4DF-44B8B1CDF224}.Release|Any CPU.Build.0 = Release|Any CPU
		{C293FCC9-F99F-4070-9CFA-4674E0762E4D}.Debug|Any CPU.ActiveCfg = Debug|Any CPU
		{C293FCC9-F99F-4070-9CFA-4674E0762E4D}.Debug|Any CPU.Build.0 = Debug|Any CPU
		{C293FCC9-F99F-4070-9CFA-4674E0762E4D}.Release|Any CPU.ActiveCfg = Release|Any CPU
		{C293FCC9-F99F-4070-9CFA-4674E0762E4D}.Release|Any CPU.Build.0 = Release|Any CPU
		{3C1E698B-D390-46A8-B591-6A7313086D7B}.Debug|Any CPU.ActiveCfg = Debug|Any CPU
		{3C1E698B-D390-46A8-B591-6A7313086D7B}.Debug|Any CPU.Build.0 = Debug|Any CPU
		{3C1E698B-D390-46A8-B591-6A7313086D7B}.Release|Any CPU.ActiveCfg = Release|Any CPU
		{3C1E698B-D390-46A8-B591-6A7313086D7B}.Release|Any CPU.Build.0 = Release|Any CPU
		{9CB92E37-DA0A-436D-ABAD-4846E06C196B}.Debug|Any CPU.ActiveCfg = Debug|Any CPU
		{9CB92E37-DA0A-436D-ABAD-4846E06C196B}.Debug|Any CPU.Build.0 = Debug|Any CPU
		{9CB92E37-DA0A-436D-ABAD-4846E06C196B}.Release|Any CPU.ActiveCfg = Release|Any CPU
		{9CB92E37-DA0A-436D-ABAD-4846E06C196B}.Release|Any CPU.Build.0 = Release|Any CPU
		{683751AA-7A2D-4990-B65D-DD8D2E8734EF}.Debug|Any CPU.ActiveCfg = Debug|Any CPU
		{683751AA-7A2D-4990-B65D-DD8D2E8734EF}.Debug|Any CPU.Build.0 = Debug|Any CPU
		{683751AA-7A2D-4990-B65D-DD8D2E8734EF}.Release|Any CPU.ActiveCfg = Release|Any CPU
		{683751AA-7A2D-4990-B65D-DD8D2E8734EF}.Release|Any CPU.Build.0 = Release|Any CPU
	EndGlobalSection
	GlobalSection(SolutionProperties) = preSolution
		HideSolutionNode = FALSE
	EndGlobalSection
	GlobalSection(ExtensibilityGlobals) = postSolution
		SolutionGuid = {62B37277-557E-4156-A897-B83E95875486}
	EndGlobalSection
EndGlobal
